
Microsoft Visual Studio Solution File, Format Version 12.00
# Visual Studio Version 16
VisualStudioVersion = 16.0.30114.105
MinimumVisualStudioVersion = 10.0.40219.1
Project("{2150E333-8FDC-42A3-9474-1A3956D46DE8}") = "src", "src", "{02D591BC-280B-4FB7-8F34-2874A8A6C01E}"
EndProject
Project("{FAE04EC0-301F-11D3-BF4B-00C04F79EFBC}") = "Manager.API", "src\Manager.API\Manager.API.csproj", "{5F5992CA-E088-4BEE-81A9-0B25C5F2064F}"
EndProject
Project("{FAE04EC0-301F-11D3-BF4B-00C04F79EFBC}") = "Manager.Core", "src\Manager.Core\Manager.Core.csproj", "{7ABEBDD2-718E-4D12-970F-BB9231520D43}"
EndProject
Project("{FAE04EC0-301F-11D3-BF4B-00C04F79EFBC}") = "Manager.Domain", "src\Manager.Domain\Manager.Domain.csproj", "{E8458074-ABC0-471A-B634-97A80DDA325C}"
EndProject
Project("{FAE04EC0-301F-11D3-BF4B-00C04F79EFBC}") = "Manager.Infra", "src\Manager.Infra\Manager.Infra.csproj", "{828131FF-68A9-4182-BDF1-3854EBB918E7}"
EndProject
Project("{FAE04EC0-301F-11D3-BF4B-00C04F79EFBC}") = "Manager.Services", "src\Manager.Services\Manager.Services.csproj", "{F9ACEBA5-9B2E-4E5A-B7DC-4933E13B0DB0}"
EndProject
Global
	GlobalSection(SolutionConfigurationPlatforms) = preSolution
		Debug|Any CPU = Debug|Any CPU
		Debug|x64 = Debug|x64
		Debug|x86 = Debug|x86
		Release|Any CPU = Release|Any CPU
		Release|x64 = Release|x64
		Release|x86 = Release|x86
	EndGlobalSection
	GlobalSection(SolutionProperties) = preSolution
		HideSolutionNode = FALSE
	EndGlobalSection
	GlobalSection(ProjectConfigurationPlatforms) = postSolution
		{5F5992CA-E088-4BEE-81A9-0B25C5F2064F}.Debug|Any CPU.ActiveCfg = Debug|Any CPU
		{5F5992CA-E088-4BEE-81A9-0B25C5F2064F}.Debug|Any CPU.Build.0 = Debug|Any CPU
		{5F5992CA-E088-4BEE-81A9-0B25C5F2064F}.Debug|x64.ActiveCfg = Debug|Any CPU
		{5F5992CA-E088-4BEE-81A9-0B25C5F2064F}.Debug|x64.Build.0 = Debug|Any CPU
		{5F5992CA-E088-4BEE-81A9-0B25C5F2064F}.Debug|x86.ActiveCfg = Debug|Any CPU
		{5F5992CA-E088-4BEE-81A9-0B25C5F2064F}.Debug|x86.Build.0 = Debug|Any CPU
		{5F5992CA-E088-4BEE-81A9-0B25C5F2064F}.Release|Any CPU.ActiveCfg = Release|Any CPU
		{5F5992CA-E088-4BEE-81A9-0B25C5F2064F}.Release|Any CPU.Build.0 = Release|Any CPU
		{5F5992CA-E088-4BEE-81A9-0B25C5F2064F}.Release|x64.ActiveCfg = Release|Any CPU
		{5F5992CA-E088-4BEE-81A9-0B25C5F2064F}.Release|x64.Build.0 = Release|Any CPU
		{5F5992CA-E088-4BEE-81A9-0B25C5F2064F}.Release|x86.ActiveCfg = Release|Any CPU
		{5F5992CA-E088-4BEE-81A9-0B25C5F2064F}.Release|x86.Build.0 = Release|Any CPU
		{7ABEBDD2-718E-4D12-970F-BB9231520D43}.Debug|Any CPU.ActiveCfg = Debug|Any CPU
		{7ABEBDD2-718E-4D12-970F-BB9231520D43}.Debug|Any CPU.Build.0 = Debug|Any CPU
		{7ABEBDD2-718E-4D12-970F-BB9231520D43}.Debug|x64.ActiveCfg = Debug|Any CPU
		{7ABEBDD2-718E-4D12-970F-BB9231520D43}.Debug|x64.Build.0 = Debug|Any CPU
		{7ABEBDD2-718E-4D12-970F-BB9231520D43}.Debug|x86.ActiveCfg = Debug|Any CPU
		{7ABEBDD2-718E-4D12-970F-BB9231520D43}.Debug|x86.Build.0 = Debug|Any CPU
		{7ABEBDD2-718E-4D12-970F-BB9231520D43}.Release|Any CPU.ActiveCfg = Release|Any CPU
		{7ABEBDD2-718E-4D12-970F-BB9231520D43}.Release|Any CPU.Build.0 = Release|Any CPU
		{7ABEBDD2-718E-4D12-970F-BB9231520D43}.Release|x64.ActiveCfg = Release|Any CPU
		{7ABEBDD2-718E-4D12-970F-BB9231520D43}.Release|x64.Build.0 = Release|Any CPU
		{7ABEBDD2-718E-4D12-970F-BB9231520D43}.Release|x86.ActiveCfg = Release|Any CPU
		{7ABEBDD2-718E-4D12-970F-BB9231520D43}.Release|x86.Build.0 = Release|Any CPU
		{E8458074-ABC0-471A-B634-97A80DDA325C}.Debug|Any CPU.ActiveCfg = Debug|Any CPU
		{E8458074-ABC0-471A-B634-97A80DDA325C}.Debug|Any CPU.Build.0 = Debug|Any CPU
		{E8458074-ABC0-471A-B634-97A80DDA325C}.Debug|x64.ActiveCfg = Debug|Any CPU
		{E8458074-ABC0-471A-B634-97A80DDA325C}.Debug|x64.Build.0 = Debug|Any CPU
		{E8458074-ABC0-471A-B634-97A80DDA325C}.Debug|x86.ActiveCfg = Debug|Any CPU
		{E8458074-ABC0-471A-B634-97A80DDA325C}.Debug|x86.Build.0 = Debug|Any CPU
		{E8458074-ABC0-471A-B634-97A80DDA325C}.Release|Any CPU.ActiveCfg = Release|Any CPU
		{E8458074-ABC0-471A-B634-97A80DDA325C}.Release|Any CPU.Build.0 = Release|Any CPU
		{E8458074-ABC0-471A-B634-97A80DDA325C}.Release|x64.ActiveCfg = Release|Any CPU
		{E8458074-ABC0-471A-B634-97A80DDA325C}.Release|x64.Build.0 = Release|Any CPU
		{E8458074-ABC0-471A-B634-97A80DDA325C}.Release|x86.ActiveCfg = Release|Any CPU
		{E8458074-ABC0-471A-B634-97A80DDA325C}.Release|x86.Build.0 = Release|Any CPU
		{828131FF-68A9-4182-BDF1-3854EBB918E7}.Debug|Any CPU.ActiveCfg = Debug|Any CPU
		{828131FF-68A9-4182-BDF1-3854EBB918E7}.Debug|Any CPU.Build.0 = Debug|Any CPU
		{828131FF-68A9-4182-BDF1-3854EBB918E7}.Debug|x64.ActiveCfg = Debug|Any CPU
		{828131FF-68A9-4182-BDF1-3854EBB918E7}.Debug|x64.Build.0 = Debug|Any CPU
		{828131FF-68A9-4182-BDF1-3854EBB918E7}.Debug|x86.ActiveCfg = Debug|Any CPU
		{828131FF-68A9-4182-BDF1-3854EBB918E7}.Debug|x86.Build.0 = Debug|Any CPU
		{828131FF-68A9-4182-BDF1-3854EBB918E7}.Release|Any CPU.ActiveCfg = Release|Any CPU
		{828131FF-68A9-4182-BDF1-3854EBB918E7}.Release|Any CPU.Build.0 = Release|Any CPU
		{828131FF-68A9-4182-BDF1-3854EBB918E7}.Release|x64.ActiveCfg = Release|Any CPU
		{828131FF-68A9-4182-BDF1-3854EBB918E7}.Release|x64.Build.0 = Release|Any CPU
		{828131FF-68A9-4182-BDF1-3854EBB918E7}.Release|x86.ActiveCfg = Release|Any CPU
		{828131FF-68A9-4182-BDF1-3854EBB918E7}.Release|x86.Build.0 = Release|Any CPU
		{F9ACEBA5-9B2E-4E5A-B7DC-4933E13B0DB0}.Debug|Any CPU.ActiveCfg = Debug|Any CPU
		{F9ACEBA5-9B2E-4E5A-B7DC-4933E13B0DB0}.Debug|Any CPU.Build.0 = Debug|Any CPU
		{F9ACEBA5-9B2E-4E5A-B7DC-4933E13B0DB0}.Debug|x64.ActiveCfg = Debug|Any CPU
		{F9ACEBA5-9B2E-4E5A-B7DC-4933E13B0DB0}.Debug|x64.Build.0 = Debug|Any CPU
		{F9ACEBA5-9B2E-4E5A-B7DC-4933E13B0DB0}.Debug|x86.ActiveCfg = Debug|Any CPU
		{F9ACEBA5-9B2E-4E5A-B7DC-4933E13B0DB0}.Debug|x86.Build.0 = Debug|Any CPU
		{F9ACEBA5-9B2E-4E5A-B7DC-4933E13B0DB0}.Release|Any CPU.ActiveCfg = Release|Any CPU
		{F9ACEBA5-9B2E-4E5A-B7DC-4933E13B0DB0}.Release|Any CPU.Build.0 = Release|Any CPU
		{F9ACEBA5-9B2E-4E5A-B7DC-4933E13B0DB0}.Release|x64.ActiveCfg = Release|Any CPU
		{F9ACEBA5-9B2E-4E5A-B7DC-4933E13B0DB0}.Release|x64.Build.0 = Release|Any CPU
		{F9ACEBA5-9B2E-4E5A-B7DC-4933E13B0DB0}.Release|x86.ActiveCfg = Release|Any CPU
		{F9ACEBA5-9B2E-4E5A-B7DC-4933E13B0DB0}.Release|x86.Build.0 = Release|Any CPU
	EndGlobalSection
	GlobalSection(NestedProjects) = preSolution
		{5F5992CA-E088-4BEE-81A9-0B25C5F2064F} = {02D591BC-280B-4FB7-8F34-2874A8A6C01E}
		{7ABEBDD2-718E-4D12-970F-BB9231520D43} = {02D591BC-280B-4FB7-8F34-2874A8A6C01E}
		{E8458074-ABC0-471A-B634-97A80DDA325C} = {02D591BC-280B-4FB7-8F34-2874A8A6C01E}
		{828131FF-68A9-4182-BDF1-3854EBB918E7} = {02D591BC-280B-4FB7-8F34-2874A8A6C01E}
		{F9ACEBA5-9B2E-4E5A-B7DC-4933E13B0DB0} = {02D591BC-280B-4FB7-8F34-2874A8A6C01E}
	EndGlobalSection
EndGlobal
